
Microsoft Visual Studio Solution File, Format Version 12.00
# Visual Studio Version 17
VisualStudioVersion = 17.0.32112.339
MinimumVisualStudioVersion = 10.0.40219.1
Project("{2150E333-8FDC-42A3-9474-1A3956D46DE8}") = "Solution Items", "Solution Items", "{23331CB3-7520-4F9A-A3C5-A28265384985}"
	ProjectSection(SolutionItems) = preProject
		AddMigration.cmd = AddMigration.cmd
		DatabaseUpdate.cmd = DatabaseUpdate.cmd
		RemoveMigration.cmd = RemoveMigration.cmd
	EndProjectSection
EndProject
Project("{9A19103F-16F7-4668-BE54-9A1E7A4F7556}") = "tests", "Tests\tests.csproj", "{A3343927-47B4-4C14-A418-614307137E7D}"
EndProject
Project("{2150E333-8FDC-42A3-9474-1A3956D46DE8}") = "src", "src", "{395D5E98-F080-4C9D-BCE1-26685FDD9D3F}"
EndProject
Project("{2150E333-8FDC-42A3-9474-1A3956D46DE8}") = "tests", "tests", "{E3920D84-5CA5-4351-9473-564EA4CB5160}"
EndProject
Project("{9A19103F-16F7-4668-BE54-9A1E7A4F7556}") = "SODP.Shared", "src\SODP.Shared\SODP.Shared.csproj", "{DB69BB00-7151-4A58-B822-3CB99B8D20EA}"
EndProject
Project("{9A19103F-16F7-4668-BE54-9A1E7A4F7556}") = "SODP.Application", "src\SODP.Application\SODP.Application.csproj", "{014D3F43-49E6-4442-AC29-9C5FAC0E5848}"
EndProject
Project("{9A19103F-16F7-4668-BE54-9A1E7A4F7556}") = "SODP.WebApi", "src\SODP.WebApi\SODP.WebApi.csproj", "{672AC6B9-D4CA-4D04-8E19-70127A665E43}"
EndProject
Project("{9A19103F-16F7-4668-BE54-9A1E7A4F7556}") = "SODP.DataAccess", "src\SODP.DataAccess\SODP.DataAccess.csproj", "{1F3B12D9-CE21-4C7A-A68E-2E1C09F3CA1C}"
EndProject
Project("{9A19103F-16F7-4668-BE54-9A1E7A4F7556}") = "SODP.Domain", "src\SODP.Domain\SODP.Domain.csproj", "{B9BAFD4A-FC7E-4970-A9C8-4BACADDC20E1}"
EndProject
Project("{9A19103F-16F7-4668-BE54-9A1E7A4F7556}") = "SODP.Infrastructure", "src\SODP.Infrastructure\SODP.Infrastructure.csproj", "{F404FFD6-A389-4DA5-B96D-03EAF767E0E2}"
EndProject
Project("{9A19103F-16F7-4668-BE54-9A1E7A4F7556}") = "SODP.Model", "src\SODP.Model\SODP.Model.csproj", "{38EDB5AB-96F8-42EA-9B51-4216DB72A522}"
EndProject
Project("{9A19103F-16F7-4668-BE54-9A1E7A4F7556}") = "SODP.UI", "src\SODP.UI\SODP.UI.csproj", "{1BB59BC5-64BB-48AA-AA02-E145A9104158}"
EndProject
Global
	GlobalSection(SolutionConfigurationPlatforms) = preSolution
		Debug|Any CPU = Debug|Any CPU
		Release|Any CPU = Release|Any CPU
	EndGlobalSection
	GlobalSection(ProjectConfigurationPlatforms) = postSolution
		{A3343927-47B4-4C14-A418-614307137E7D}.Debug|Any CPU.ActiveCfg = Debug|Any CPU
		{A3343927-47B4-4C14-A418-614307137E7D}.Debug|Any CPU.Build.0 = Debug|Any CPU
		{A3343927-47B4-4C14-A418-614307137E7D}.Release|Any CPU.ActiveCfg = Release|Any CPU
		{A3343927-47B4-4C14-A418-614307137E7D}.Release|Any CPU.Build.0 = Release|Any CPU
		{DB69BB00-7151-4A58-B822-3CB99B8D20EA}.Debug|Any CPU.ActiveCfg = Debug|Any CPU
		{DB69BB00-7151-4A58-B822-3CB99B8D20EA}.Debug|Any CPU.Build.0 = Debug|Any CPU
		{DB69BB00-7151-4A58-B822-3CB99B8D20EA}.Release|Any CPU.ActiveCfg = Release|Any CPU
		{DB69BB00-7151-4A58-B822-3CB99B8D20EA}.Release|Any CPU.Build.0 = Release|Any CPU
		{014D3F43-49E6-4442-AC29-9C5FAC0E5848}.Debug|Any CPU.ActiveCfg = Debug|Any CPU
		{014D3F43-49E6-4442-AC29-9C5FAC0E5848}.Debug|Any CPU.Build.0 = Debug|Any CPU
		{014D3F43-49E6-4442-AC29-9C5FAC0E5848}.Release|Any CPU.ActiveCfg = Release|Any CPU
		{014D3F43-49E6-4442-AC29-9C5FAC0E5848}.Release|Any CPU.Build.0 = Release|Any CPU
		{672AC6B9-D4CA-4D04-8E19-70127A665E43}.Debug|Any CPU.ActiveCfg = Debug|Any CPU
		{672AC6B9-D4CA-4D04-8E19-70127A665E43}.Debug|Any CPU.Build.0 = Debug|Any CPU
		{672AC6B9-D4CA-4D04-8E19-70127A665E43}.Release|Any CPU.ActiveCfg = Release|Any CPU
		{672AC6B9-D4CA-4D04-8E19-70127A665E43}.Release|Any CPU.Build.0 = Release|Any CPU
		{1F3B12D9-CE21-4C7A-A68E-2E1C09F3CA1C}.Debug|Any CPU.ActiveCfg = Debug|Any CPU
		{1F3B12D9-CE21-4C7A-A68E-2E1C09F3CA1C}.Debug|Any CPU.Build.0 = Debug|Any CPU
		{1F3B12D9-CE21-4C7A-A68E-2E1C09F3CA1C}.Release|Any CPU.ActiveCfg = Release|Any CPU
		{1F3B12D9-CE21-4C7A-A68E-2E1C09F3CA1C}.Release|Any CPU.Build.0 = Release|Any CPU
		{B9BAFD4A-FC7E-4970-A9C8-4BACADDC20E1}.Debug|Any CPU.ActiveCfg = Debug|Any CPU
		{B9BAFD4A-FC7E-4970-A9C8-4BACADDC20E1}.Debug|Any CPU.Build.0 = Debug|Any CPU
		{B9BAFD4A-FC7E-4970-A9C8-4BACADDC20E1}.Release|Any CPU.ActiveCfg = Release|Any CPU
		{B9BAFD4A-FC7E-4970-A9C8-4BACADDC20E1}.Release|Any CPU.Build.0 = Release|Any CPU
		{F404FFD6-A389-4DA5-B96D-03EAF767E0E2}.Debug|Any CPU.ActiveCfg = Debug|Any CPU
		{F404FFD6-A389-4DA5-B96D-03EAF767E0E2}.Debug|Any CPU.Build.0 = Debug|Any CPU
		{F404FFD6-A389-4DA5-B96D-03EAF767E0E2}.Release|Any CPU.ActiveCfg = Release|Any CPU
		{F404FFD6-A389-4DA5-B96D-03EAF767E0E2}.Release|Any CPU.Build.0 = Release|Any CPU
		{38EDB5AB-96F8-42EA-9B51-4216DB72A522}.Debug|Any CPU.ActiveCfg = Debug|Any CPU
		{38EDB5AB-96F8-42EA-9B51-4216DB72A522}.Debug|Any CPU.Build.0 = Debug|Any CPU
		{38EDB5AB-96F8-42EA-9B51-4216DB72A522}.Release|Any CPU.ActiveCfg = Release|Any CPU
		{38EDB5AB-96F8-42EA-9B51-4216DB72A522}.Release|Any CPU.Build.0 = Release|Any CPU
		{1BB59BC5-64BB-48AA-AA02-E145A9104158}.Debug|Any CPU.ActiveCfg = Debug|Any CPU
		{1BB59BC5-64BB-48AA-AA02-E145A9104158}.Debug|Any CPU.Build.0 = Debug|Any CPU
		{1BB59BC5-64BB-48AA-AA02-E145A9104158}.Release|Any CPU.ActiveCfg = Release|Any CPU
		{1BB59BC5-64BB-48AA-AA02-E145A9104158}.Release|Any CPU.Build.0 = Release|Any CPU
	EndGlobalSection
	GlobalSection(SolutionProperties) = preSolution
		HideSolutionNode = FALSE
	EndGlobalSection
	GlobalSection(NestedProjects) = preSolution
		{A3343927-47B4-4C14-A418-614307137E7D} = {E3920D84-5CA5-4351-9473-564EA4CB5160}
		{DB69BB00-7151-4A58-B822-3CB99B8D20EA} = {395D5E98-F080-4C9D-BCE1-26685FDD9D3F}
		{014D3F43-49E6-4442-AC29-9C5FAC0E5848} = {395D5E98-F080-4C9D-BCE1-26685FDD9D3F}
		{672AC6B9-D4CA-4D04-8E19-70127A665E43} = {395D5E98-F080-4C9D-BCE1-26685FDD9D3F}
		{1F3B12D9-CE21-4C7A-A68E-2E1C09F3CA1C} = {395D5E98-F080-4C9D-BCE1-26685FDD9D3F}
		{B9BAFD4A-FC7E-4970-A9C8-4BACADDC20E1} = {395D5E98-F080-4C9D-BCE1-26685FDD9D3F}
		{F404FFD6-A389-4DA5-B96D-03EAF767E0E2} = {395D5E98-F080-4C9D-BCE1-26685FDD9D3F}
		{38EDB5AB-96F8-42EA-9B51-4216DB72A522} = {395D5E98-F080-4C9D-BCE1-26685FDD9D3F}
		{1BB59BC5-64BB-48AA-AA02-E145A9104158} = {395D5E98-F080-4C9D-BCE1-26685FDD9D3F}
	EndGlobalSection
	GlobalSection(ExtensibilityGlobals) = postSolution
		SolutionGuid = {85F926F2-6278-4722-91F0-A69721942CC6}
	EndGlobalSection
EndGlobal
